// !$*UTF8*$!
{
	archiveVersion = 1;
	classes = {
	};
	objectVersion = 46;
	objects = {

/* Begin PBXBuildFile section */
		F736A8F519E75A2D005E485B /* main.cpp in Sources */ = {isa = PBXBuildFile; fileRef = F736A8F419E75A2D005E485B /* main.cpp */; };
/* End PBXBuildFile section */

/* Begin PBXCopyFilesBuildPhase section */
		F736A8EF19E75A2C005E485B /* CopyFiles */ = {
			isa = PBXCopyFilesBuildPhase;
			buildActionMask = 2147483647;
			dstPath = /usr/share/man/man1/;
			dstSubfolderSpec = 0;
			files = (
			);
			runOnlyForDeploymentPostprocessing = 1;
		};
/* End PBXCopyFilesBuildPhase section */

/* Begin PBXFileReference section */
		F736A8F119E75A2C005E485B /* FaceAlignment */ = {isa = PBXFileReference; explicitFileType = "compiled.mach-o.executable"; includeInIndex = 0; path = FaceAlignment; sourceTree = BUILT_PRODUCTS_DIR; };
		F736A8F419E75A2D005E485B /* main.cpp */ = {isa = PBXFileReference; lastKnownFileType = sourcecode.cpp.cpp; path = main.cpp; sourceTree = "<group>"; };
		F736A8FC19E75A57005E485B /* decisiontree.hpp */ = {isa = PBXFileReference; fileEncoding = 4; lastKnownFileType = sourcecode.cpp.h; path = decisiontree.hpp; sourceTree = "<group>"; };
		F736A8FE19E75A57005E485B /* fernclassifier.hpp */ = {isa = PBXFileReference; fileEncoding = 4; lastKnownFileType = sourcecode.cpp.h; path = fernclassifier.hpp; sourceTree = "<group>"; };
		F736A90019E75A57005E485B /* naivebayesclassifier.hpp */ = {isa = PBXFileReference; fileEncoding = 4; lastKnownFileType = sourcecode.cpp.h; path = naivebayesclassifier.hpp; sourceTree = "<group>"; };
		F736A90219E75A57005E485B /* randomforest.hpp */ = {isa = PBXFileReference; fileEncoding = 4; lastKnownFileType = sourcecode.cpp.h; path = randomforest.hpp; sourceTree = "<group>"; };
		F736A90719E75C50005E485B /* common.h */ = {isa = PBXFileReference; lastKnownFileType = sourcecode.c.h; path = common.h; sourceTree = "<group>"; };
		F736A90819E75DA8005E485B /* testdecisiontree.h */ = {isa = PBXFileReference; lastKnownFileType = sourcecode.c.h; path = testdecisiontree.h; sourceTree = "<group>"; };
/* End PBXFileReference section */

/* Begin PBXFrameworksBuildPhase section */
		F736A8EE19E75A2C005E485B /* Frameworks */ = {
			isa = PBXFrameworksBuildPhase;
			buildActionMask = 2147483647;
			files = (
			);
			runOnlyForDeploymentPostprocessing = 0;
		};
/* End PBXFrameworksBuildPhase section */

/* Begin PBXGroup section */
		F736A8E819E75A2C005E485B = {
			isa = PBXGroup;
			children = (
				F736A8F319E75A2C005E485B /* FaceAlignment */,
				F736A8F219E75A2C005E485B /* Products */,
			);
			sourceTree = "<group>";
		};
		F736A8F219E75A2C005E485B /* Products */ = {
			isa = PBXGroup;
			children = (
				F736A8F119E75A2C005E485B /* FaceAlignment */,
			);
			name = Products;
			sourceTree = "<group>";
		};
		F736A8F319E75A2C005E485B /* FaceAlignment */ = {
			isa = PBXGroup;
			children = (
				F736A8FC19E75A57005E485B /* decisiontree.hpp */,
				F736A8FE19E75A57005E485B /* fernclassifier.hpp */,
				F736A90019E75A57005E485B /* naivebayesclassifier.hpp */,
				F736A90219E75A57005E485B /* randomforest.hpp */,
				F736A8F419E75A2D005E485B /* main.cpp */,
				F736A90719E75C50005E485B /* common.h */,
				F736A90819E75DA8005E485B /* testdecisiontree.h */,
			);
			path = FaceAlignment;
			sourceTree = "<group>";
		};
/* End PBXGroup section */

/* Begin PBXNativeTarget section */
		F736A8F019E75A2C005E485B /* FaceAlignment */ = {
			isa = PBXNativeTarget;
			buildConfigurationList = F736A8F819E75A2D005E485B /* Build configuration list for PBXNativeTarget "FaceAlignment" */;
			buildPhases = (
				F736A8ED19E75A2C005E485B /* Sources */,
				F736A8EE19E75A2C005E485B /* Frameworks */,
				F736A8EF19E75A2C005E485B /* CopyFiles */,
			);
			buildRules = (
			);
			dependencies = (
			);
			name = FaceAlignment;
			productName = FaceAlignment;
			productReference = F736A8F119E75A2C005E485B /* FaceAlignment */;
			productType = "com.apple.product-type.tool";
		};
/* End PBXNativeTarget section */

/* Begin PBXProject section */
		F736A8E919E75A2C005E485B /* Project object */ = {
			isa = PBXProject;
			attributes = {
				LastUpgradeCheck = 0600;
				ORGANIZATIONNAME = "Peihong Guo";
				TargetAttributes = {
					F736A8F019E75A2C005E485B = {
						CreatedOnToolsVersion = 6.0.1;
					};
				};
			};
			buildConfigurationList = F736A8EC19E75A2C005E485B /* Build configuration list for PBXProject "FaceAlignment" */;
			compatibilityVersion = "Xcode 3.2";
			developmentRegion = English;
			hasScannedForEncodings = 0;
			knownRegions = (
				en,
			);
			mainGroup = F736A8E819E75A2C005E485B;
			productRefGroup = F736A8F219E75A2C005E485B /* Products */;
			projectDirPath = "";
			projectRoot = "";
			targets = (
				F736A8F019E75A2C005E485B /* FaceAlignment */,
			);
		};
/* End PBXProject section */

/* Begin PBXSourcesBuildPhase section */
		F736A8ED19E75A2C005E485B /* Sources */ = {
			isa = PBXSourcesBuildPhase;
			buildActionMask = 2147483647;
			files = (
				F736A8F519E75A2D005E485B /* main.cpp in Sources */,
			);
			runOnlyForDeploymentPostprocessing = 0;
		};
/* End PBXSourcesBuildPhase section */

/* Begin XCBuildConfiguration section */
		F736A8F619E75A2D005E485B /* Debug */ = {
			isa = XCBuildConfiguration;
			buildSettings = {
				ALWAYS_SEARCH_USER_PATHS = NO;
				CLANG_CXX_LANGUAGE_STANDARD = "gnu++0x";
				CLANG_CXX_LIBRARY = "libc++";
				CLANG_ENABLE_MODULES = YES;
				CLANG_ENABLE_OBJC_ARC = YES;
				CLANG_WARN_BOOL_CONVERSION = YES;
				CLANG_WARN_CONSTANT_CONVERSION = YES;
				CLANG_WARN_DIRECT_OBJC_ISA_USAGE = YES_ERROR;
				CLANG_WARN_EMPTY_BODY = YES;
				CLANG_WARN_ENUM_CONVERSION = YES;
				CLANG_WARN_INT_CONVERSION = YES;
				CLANG_WARN_OBJC_ROOT_CLASS = YES_ERROR;
				CLANG_WARN_UNREACHABLE_CODE = YES;
				CLANG_WARN__DUPLICATE_METHOD_MATCH = YES;
				COPY_PHASE_STRIP = NO;
				ENABLE_STRICT_OBJC_MSGSEND = YES;
				GCC_C_LANGUAGE_STANDARD = gnu99;
				GCC_DYNAMIC_NO_PIC = NO;
				GCC_OPTIMIZATION_LEVEL = 0;
				GCC_PREPROCESSOR_DEFINITIONS = (
					"DEBUG=1",
					"$(inherited)",
				);
				GCC_SYMBOLS_PRIVATE_EXTERN = NO;
				GCC_WARN_64_TO_32_BIT_CONVERSION = YES;
				GCC_WARN_ABOUT_RETURN_TYPE = YES_ERROR;
				GCC_WARN_UNDECLARED_SELECTOR = YES;
				GCC_WARN_UNINITIALIZED_AUTOS = YES_AGGRESSIVE;
				GCC_WARN_UNUSED_FUNCTION = YES;
				GCC_WARN_UNUSED_VARIABLE = YES;
				MACOSX_DEPLOYMENT_TARGET = 10.9;
				MTL_ENABLE_DEBUG_INFO = YES;
				ONLY_ACTIVE_ARCH = YES;
				SDKROOT = macosx;
			};
			name = Debug;
		};
		F736A8F719E75A2D005E485B /* Release */ = {
			isa = XCBuildConfiguration;
			buildSettings = {
				ALWAYS_SEARCH_USER_PATHS = NO;
				CLANG_CXX_LANGUAGE_STANDARD = "gnu++0x";
				CLANG_CXX_LIBRARY = "libc++";
				CLANG_ENABLE_MODULES = YES;
				CLANG_ENABLE_OBJC_ARC = YES;
				CLANG_WARN_BOOL_CONVERSION = YES;
				CLANG_WARN_CONSTANT_CONVERSION = YES;
				CLANG_WARN_DIRECT_OBJC_ISA_USAGE = YES_ERROR;
				CLANG_WARN_EMPTY_BODY = YES;
				CLANG_WARN_ENUM_CONVERSION = YES;
				CLANG_WARN_INT_CONVERSION = YES;
				CLANG_WARN_OBJC_ROOT_CLASS = YES_ERROR;
				CLANG_WARN_UNREACHABLE_CODE = YES;
				CLANG_WARN__DUPLICATE_METHOD_MATCH = YES;
				COPY_PHASE_STRIP = YES;
				DEBUG_INFORMATION_FORMAT = "dwarf-with-dsym";
				ENABLE_NS_ASSERTIONS = NO;
				ENABLE_STRICT_OBJC_MSGSEND = YES;
				GCC_C_LANGUAGE_STANDARD = gnu99;
				GCC_WARN_64_TO_32_BIT_CONVERSION = YES;
				GCC_WARN_ABOUT_RETURN_TYPE = YES_ERROR;
				GCC_WARN_UNDECLARED_SELECTOR = YES;
				GCC_WARN_UNINITIALIZED_AUTOS = YES_AGGRESSIVE;
				GCC_WARN_UNUSED_FUNCTION = YES;
				GCC_WARN_UNUSED_VARIABLE = YES;
				MACOSX_DEPLOYMENT_TARGET = 10.9;
				MTL_ENABLE_DEBUG_INFO = NO;
				SDKROOT = macosx;
			};
			name = Release;
		};
		F736A8F919E75A2D005E485B /* Debug */ = {
			isa = XCBuildConfiguration;
			buildSettings = {
				PRODUCT_NAME = "$(TARGET_NAME)";
			};
			name = Debug;
		};
		F736A8FA19E75A2D005E485B /* Release */ = {
			isa = XCBuildConfiguration;
			buildSettings = {
				PRODUCT_NAME = "$(TARGET_NAME)";
			};
			name = Release;
		};
/* End XCBuildConfiguration section */

/* Begin XCConfigurationList section */
		F736A8EC19E75A2C005E485B /* Build configuration list for PBXProject "FaceAlignment" */ = {
			isa = XCConfigurationList;
			buildConfigurations = (
				F736A8F619E75A2D005E485B /* Debug */,
				F736A8F719E75A2D005E485B /* Release */,
			);
			defaultConfigurationIsVisible = 0;
			defaultConfigurationName = Release;
		};
		F736A8F819E75A2D005E485B /* Build configuration list for PBXNativeTarget "FaceAlignment" */ = {
			isa = XCConfigurationList;
			buildConfigurations = (
				F736A8F919E75A2D005E485B /* Debug */,
				F736A8FA19E75A2D005E485B /* Release */,
			);
			defaultConfigurationIsVisible = 0;
		};
/* End XCConfigurationList section */
	};
	rootObject = F736A8E919E75A2C005E485B /* Project object */;
}
